
Microsoft Visual Studio Solution File, Format Version 12.00
# Visual Studio Version 17
VisualStudioVersion = 17.0.31314.256
MinimumVisualStudioVersion = 10.0.40219.1
Project("{2150E333-8FDC-42A3-9474-1A3956D46DE8}") = "Automation", "Automation", "{0BFBE63A-B98A-3411-8EEB-8918FEC737B3}"
EndProject
Project("{2150E333-8FDC-42A3-9474-1A3956D46DE8}") = "Engine", "Engine", "{233774A8-CC9D-3FA9-86D1-90573E92B704}"
EndProject
Project("{2150E333-8FDC-42A3-9474-1A3956D46DE8}") = "Games", "Games", "{DE1F8B53-6C02-3C13-9101-A7C8D96F3FF6}"
EndProject
Project("{2150E333-8FDC-42A3-9474-1A3956D46DE8}") = "Programs", "Programs", "{A338B9E2-A559-34BE-A46D-F789DD488FAD}"
EndProject
Project("{2150E333-8FDC-42A3-9474-1A3956D46DE8}") = "Rules", "Rules", "{C2F57ECE-B26F-39D8-BDA7-C1D40BD8F180}"
EndProject
Project("{2150E333-8FDC-42A3-9474-1A3956D46DE8}") = "Shared", "Shared", "{57713676-9DBE-331C-AD10-26632AC9EE0C}"
EndProject
Project("{2150E333-8FDC-42A3-9474-1A3956D46DE8}") = "UnrealBuildTool.Plugins", "UnrealBuildTool.Plugins", "{7B5CFB44-F0FB-31DF-AE62-C3C096A29A7B}"
EndProject
Project("{8BC9CEB8-8B4A-11D0-8D11-00A0C91BC942}") = "UE5", "Intermediate\ProjectFiles\UE5.vcxproj", "{4D264B09-D2E6-3FC3-8225-A6E1865ED46D}"
EndProject
Project("{8BC9CEB8-8B4A-11D0-8D11-00A0C91BC942}") = "ProjectAries", "Intermediate\ProjectFiles\ProjectAries.vcxproj", "{2D6979A2-342E-3A6D-9DA1-44DD7D4761EE}"
	ProjectSection(ProjectDependencies) = postProject
		{27ACBAE1-F1FE-374B-B191-AAF4FFEE68DD} = {27ACBAE1-F1FE-374B-B191-AAF4FFEE68DD}
	EndProjectSection
EndProject
Project("{FAE04EC0-301F-11D3-BF4B-00C04F79EFBC}") = "UnrealBuildTool", "D:\UNREAL 5.3\UE_5.3\Engine\Source\Programs\UnrealBuildTool\UnrealBuildTool.csproj", "{27ACBAE1-F1FE-374B-B191-AAF4FFEE68DD}"
EndProject
Project("{FAE04EC0-301F-11D3-BF4B-00C04F79EFBC}") = "AutomationTool", "D:\UNREAL 5.3\UE_5.3\Engine\Source\Programs\AutomationTool\AutomationTool.csproj", "{3F6E5A94-0C3B-37FF-AFD8-AC7D6A3CC401}"
EndProject
Project("{FAE04EC0-301F-11D3-BF4B-00C04F79EFBC}") = "Android.Automation", "D:\UNREAL 5.3\UE_5.3\Engine\Source\Programs\AutomationTool\Android\Android.Automation.csproj", "{6E9B87C3-E4E4-3E8C-9BE9-69407FEE6979}"
EndProject
Project("{FAE04EC0-301F-11D3-BF4B-00C04F79EFBC}") = "Apple.Automation", "D:\UNREAL 5.3\UE_5.3\Engine\Source\Programs\AutomationTool\Apple\Apple.Automation.csproj", "{F058322C-4D6B-3DFD-ABE7-5141ECC73941}"
EndProject
Project("{FAE04EC0-301F-11D3-BF4B-00C04F79EFBC}") = "AutomationUtils.Automation", "D:\UNREAL 5.3\UE_5.3\Engine\Source\Programs\AutomationTool\AutomationUtils\AutomationUtils.Automation.csproj", "{EE410817-FE92-32A1-80D6-5C2865230C1D}"
EndProject
Project("{FAE04EC0-301F-11D3-BF4B-00C04F79EFBC}") = "BuildGraph.Automation", "D:\UNREAL 5.3\UE_5.3\Engine\Source\Programs\AutomationTool\BuildGraph\BuildGraph.Automation.csproj", "{6992189D-F89C-35B7-98D3-6C3949D7334B}"
EndProject
Project("{FAE04EC0-301F-11D3-BF4B-00C04F79EFBC}") = "CookedEditor.Automation", "D:\UNREAL 5.3\UE_5.3\Engine\Source\Programs\AutomationTool\CookedEditor\CookedEditor.Automation.csproj", "{197CA28C-6B8E-3046-9FC0-EFE818708E49}"
EndProject
Project("{FAE04EC0-301F-11D3-BF4B-00C04F79EFBC}") = "CrowdinLocalization.Automation", "D:\UNREAL 5.3\UE_5.3\Engine\Source\Programs\AutomationTool\CrowdinLocalization\CrowdinLocalization.Automation.csproj", "{C8FE1051-E1DD-3A88-A55C-88E29EE60751}"
EndProject
Project("{FAE04EC0-301F-11D3-BF4B-00C04F79EFBC}") = "Gauntlet.Automation", "D:\UNREAL 5.3\UE_5.3\Engine\Source\Programs\AutomationTool\Gauntlet\Gauntlet.Automation.csproj", "{8F5F56D2-1FD5-3BCA-A08B-5C8390A0FFF6}"
EndProject
Project("{FAE04EC0-301F-11D3-BF4B-00C04F79EFBC}") = "IOS.Automation", "D:\UNREAL 5.3\UE_5.3\Engine\Source\Programs\AutomationTool\IOS\IOS.Automation.csproj", "{E97D3DC0-690A-3F91-9753-1E920B3B00D4}"
EndProject
Project("{FAE04EC0-301F-11D3-BF4B-00C04F79EFBC}") = "Linux.Automation", "D:\UNREAL 5.3\UE_5.3\Engine\Source\Programs\AutomationTool\Linux\Linux.Automation.csproj", "{B75E22C4-0890-3EB7-A3AB-F63B7003EE26}"
EndProject
Project("{FAE04EC0-301F-11D3-BF4B-00C04F79EFBC}") = "Localization.Automation", "D:\UNREAL 5.3\UE_5.3\Engine\Source\Programs\AutomationTool\Localization\Localization.Automation.csproj", "{5E1EF835-DC36-3965-8924-E31911C8E9AE}"
EndProject
Project("{FAE04EC0-301F-11D3-BF4B-00C04F79EFBC}") = "LowLevelTests.Automation", "D:\UNREAL 5.3\UE_5.3\Engine\Source\Programs\AutomationTool\LowLevelTests\LowLevelTests.Automation.csproj", "{3C08D5D6-49A0-3277-BC2D-BC2B722BA090}"
EndProject
Project("{FAE04EC0-301F-11D3-BF4B-00C04F79EFBC}") = "Mac.Automation", "D:\UNREAL 5.3\UE_5.3\Engine\Source\Programs\AutomationTool\Mac\Mac.Automation.csproj", "{292518D9-3665-3CDD-AA0B-8EB13B921FB1}"
EndProject
Project("{FAE04EC0-301F-11D3-BF4B-00C04F79EFBC}") = "OneSkyLocalization.Automation", "D:\UNREAL 5.3\UE_5.3\Engine\Source\Programs\AutomationTool\OneSkyLocalization\OneSkyLocalization.Automation.csproj", "{C0BA4EFD-8EA5-39BB-9371-4126FFD639BC}"
EndProject
Project("{FAE04EC0-301F-11D3-BF4B-00C04F79EFBC}") = "AutomationScripts.Automation", "D:\UNREAL 5.3\UE_5.3\Engine\Source\Programs\AutomationTool\Scripts\AutomationScripts.Automation.csproj", "{F76D89BE-6514-3966-889B-23BBAF3D3374}"
EndProject
Project("{FAE04EC0-301F-11D3-BF4B-00C04F79EFBC}") = "SmartlingLocalization.Automation", "D:\UNREAL 5.3\UE_5.3\Engine\Source\Programs\AutomationTool\SmartlingLocalization\SmartlingLocalization.Automation.csproj", "{1D02A198-BAE5-3C70-911A-8E3D5337DDB2}"
EndProject
Project("{FAE04EC0-301F-11D3-BF4B-00C04F79EFBC}") = "SteamDeck.Automation", "D:\UNREAL 5.3\UE_5.3\Engine\Source\Programs\AutomationTool\SteamDeck\SteamDeck.Automation.csproj", "{2FAC90F7-A02C-3966-A5AB-827325E47F69}"
EndProject
Project("{FAE04EC0-301F-11D3-BF4B-00C04F79EFBC}") = "TVOS.Automation", "D:\UNREAL 5.3\UE_5.3\Engine\Source\Programs\AutomationTool\TVOS\TVOS.Automation.csproj", "{E9ED87DC-124A-3C99-8C10-70661BC04CDD}"
EndProject
Project("{FAE04EC0-301F-11D3-BF4B-00C04F79EFBC}") = "Turnkey.Automation", "D:\UNREAL 5.3\UE_5.3\Engine\Source\Programs\AutomationTool\Turnkey\Turnkey.Automation.csproj", "{0C05CF40-A5BF-3341-8A64-8EBC9D49B3B3}"
EndProject
Project("{FAE04EC0-301F-11D3-BF4B-00C04F79EFBC}") = "Win.Automation", "D:\UNREAL 5.3\UE_5.3\Engine\Source\Programs\AutomationTool\Win\Win.Automation.csproj", "{D3A8305E-FBEC-37C3-A152-FD791DAE57AC}"
EndProject
Project("{FAE04EC0-301F-11D3-BF4B-00C04F79EFBC}") = "XLocLocalization.Automation", "D:\UNREAL 5.3\UE_5.3\Engine\Source\Programs\AutomationTool\XLocLocalization\XLocLocalization.Automation.csproj", "{BA2D17B2-D056-3E53-B268-5411B454B585}"
EndProject
Project("{FAE04EC0-301F-11D3-BF4B-00C04F79EFBC}") = "ScriptGeneratorUbtPlugin.ubtplugin", "D:\UNREAL 5.3\UE_5.3\Engine\Plugins\ScriptPlugin\Source\ScriptGeneratorUbtPlugin\ScriptGeneratorUbtPlugin.ubtplugin.csproj", "{B1C25511-9A0F-32B6-85E5-BC981005A8F5}"
EndProject
Project("{FAE04EC0-301F-11D3-BF4B-00C04F79EFBC}") = "EpicGames.AspNet", "D:\UNREAL 5.3\UE_5.3\Engine\Source\Programs\Shared\EpicGames.AspNet\EpicGames.AspNet.csproj", "{567620F5-2660-35EB-9321-DE8A72B07879}"
EndProject
Project("{FAE04EC0-301F-11D3-BF4B-00C04F79EFBC}") = "EpicGames.Box", "D:\UNREAL 5.3\UE_5.3\Engine\Source\Programs\Shared\EpicGames.Box\EpicGames.Box.csproj", "{0089FEE2-C8F7-34DA-8851-5CCE505E85AB}"
EndProject
Project("{FAE04EC0-301F-11D3-BF4B-00C04F79EFBC}") = "EpicGames.Build", "D:\UNREAL 5.3\UE_5.3\Engine\Source\Programs\Shared\EpicGames.Build\EpicGames.Build.csproj", "{A612D053-1CFC-3499-8C5B-022A593588D3}"
EndProject
Project("{FAE04EC0-301F-11D3-BF4B-00C04F79EFBC}") = "EpicGames.BuildGraph", "D:\UNREAL 5.3\UE_5.3\Engine\Source\Programs\Shared\EpicGames.BuildGraph\EpicGames.BuildGraph.csproj", "{8F047BFC-FB68-3861-A836-96A5E627A18E}"
EndProject
Project("{FAE04EC0-301F-11D3-BF4B-00C04F79EFBC}") = "EpicGames.Core", "D:\UNREAL 5.3\UE_5.3\Engine\Source\Programs\Shared\EpicGames.Core\EpicGames.Core.csproj", "{8A083B93-3B02-378D-8EDD-6C2F41D64855}"
EndProject
Project("{FAE04EC0-301F-11D3-BF4B-00C04F79EFBC}") = "EpicGames.Horde", "D:\UNREAL 5.3\UE_5.3\Engine\Source\Programs\Shared\EpicGames.Horde\EpicGames.Horde.csproj", "{200932C8-360A-3943-A6E3-64FDDAED21C9}"
EndProject
Project("{FAE04EC0-301F-11D3-BF4B-00C04F79EFBC}") = "EpicGames.IoHash", "D:\UNREAL 5.3\UE_5.3\Engine\Source\Programs\Shared\EpicGames.IoHash\EpicGames.IoHash.csproj", "{2BA4679C-D8B7-3DCF-9CB7-1E63A4ED977C}"
EndProject
Project("{FAE04EC0-301F-11D3-BF4B-00C04F79EFBC}") = "EpicGames.Jupiter", "D:\UNREAL 5.3\UE_5.3\Engine\Source\Programs\Shared\EpicGames.Jupiter\EpicGames.Jupiter.csproj", "{9CC0D374-0531-304D-8EB2-C29F61E1B065}"
EndProject
Project("{FAE04EC0-301F-11D3-BF4B-00C04F79EFBC}") = "EpicGames.MongoDB", "D:\UNREAL 5.3\UE_5.3\Engine\Source\Programs\Shared\EpicGames.MongoDB\EpicGames.MongoDB.csproj", "{770719B8-7FB3-3AD5-B23C-240141123489}"
EndProject
Project("{FAE04EC0-301F-11D3-BF4B-00C04F79EFBC}") = "EpicGames.MsBuild", "D:\UNREAL 5.3\UE_5.3\Engine\Source\Programs\Shared\EpicGames.MsBuild\EpicGames.MsBuild.csproj", "{D4E9DD15-333F-33EB-8EBC-DB1B7CE8CAB9}"
EndProject
Project("{FAE04EC0-301F-11D3-BF4B-00C04F79EFBC}") = "EpicGames.OIDC", "D:\UNREAL 5.3\UE_5.3\Engine\Source\Programs\Shared\EpicGames.OIDC\EpicGames.OIDC.csproj", "{C5DDAAFF-CB90-3B1A-9204-E18D55BC1FEE}"
EndProject
Project("{FAE04EC0-301F-11D3-BF4B-00C04F79EFBC}") = "EpicGames.Oodle", "D:\UNREAL 5.3\UE_5.3\Engine\Source\Programs\Shared\EpicGames.Oodle\EpicGames.Oodle.csproj", "{9903A3BA-D305-35C2-811C-F38B397FA0B4}"
EndProject
Project("{FAE04EC0-301F-11D3-BF4B-00C04F79EFBC}") = "EpicGames.Perforce", "D:\UNREAL 5.3\UE_5.3\Engine\Source\Programs\Shared\EpicGames.Perforce\EpicGames.Perforce.csproj", "{B895591A-3913-3BAD-BD79-C79FE497B9D7}"
EndProject
Project("{FAE04EC0-301F-11D3-BF4B-00C04F79EFBC}") = "EpicGames.Perforce.Fixture", "D:\UNREAL 5.3\UE_5.3\Engine\Source\Programs\Shared\EpicGames.Perforce.Fixture\EpicGames.Perforce.Fixture.csproj", "{A9B034C4-2FFD-3B89-A132-9E2DD39F415A}"
EndProject
Project("{FAE04EC0-301F-11D3-BF4B-00C04F79EFBC}") = "EpicGames.Perforce.Managed", "D:\UNREAL 5.3\UE_5.3\Engine\Source\Programs\Shared\EpicGames.Perforce.Managed\EpicGames.Perforce.Managed.csproj", "{6F461F02-120A-334A-8393-0A8F8ED7937F}"
EndProject
Project("{FAE04EC0-301F-11D3-BF4B-00C04F79EFBC}") = "EpicGames.Redis", "D:\UNREAL 5.3\UE_5.3\Engine\Source\Programs\Shared\EpicGames.Redis\EpicGames.Redis.csproj", "{4FABF516-EF67-38D6-9FD8-ED2D5971DB59}"
EndProject
Project("{FAE04EC0-301F-11D3-BF4B-00C04F79EFBC}") = "EpicGames.Serialization", "D:\UNREAL 5.3\UE_5.3\Engine\Source\Programs\Shared\EpicGames.Serialization\EpicGames.Serialization.csproj", "{BF567A89-0FB1-393E-B721-73D2577D249B}"
EndProject
Project("{FAE04EC0-301F-11D3-BF4B-00C04F79EFBC}") = "EpicGames.Slack", "D:\UNREAL 5.3\UE_5.3\Engine\Source\Programs\Shared\EpicGames.Slack\EpicGames.Slack.csproj", "{6E56A579-697E-39A1-94CA-7407ECD5C0E9}"
EndProject
Project("{FAE04EC0-301F-11D3-BF4B-00C04F79EFBC}") = "EpicGames.Tracing", "D:\UNREAL 5.3\UE_5.3\Engine\Source\Programs\Shared\EpicGames.Tracing\EpicGames.Tracing.csproj", "{C746A385-F706-3E45-8A78-1B15071C8A2D}"
EndProject
Project("{FAE04EC0-301F-11D3-BF4B-00C04F79EFBC}") = "EpicGames.UHT", "D:\UNREAL 5.3\UE_5.3\Engine\Source\Programs\Shared\EpicGames.UHT\EpicGames.UHT.csproj", "{45FA693F-04FD-39BB-87EA-61636A566E9A}"
EndProject
Project("{FAE04EC0-301F-11D3-BF4B-00C04F79EFBC}") = "MarketplaceRules", "D:\UNREAL 5.3\UE_5.3\Engine\Intermediate\Build\BuildRulesProjects\MarketplaceRules\MarketplaceRules.csproj", "{8076B51C-B395-31EC-828D-102CCE06AA49}"
EndProject
Project("{FAE04EC0-301F-11D3-BF4B-00C04F79EFBC}") = "UE5ProgramRules", "D:\UNREAL 5.3\UE_5.3\Engine\Intermediate\Build\BuildRulesProjects\UE5ProgramRules\UE5ProgramRules.csproj", "{CEB3D2FB-4405-311B-861E-13235E32F9F1}"
EndProject
Project("{FAE04EC0-301F-11D3-BF4B-00C04F79EFBC}") = "UE5Rules", "D:\UNREAL 5.3\UE_5.3\Engine\Intermediate\Build\BuildRulesProjects\UE5Rules\UE5Rules.csproj", "{DFEB4031-724E-39B3-816C-81EA0E159CBB}"
EndProject
Project("{FAE04EC0-301F-11D3-BF4B-00C04F79EFBC}") = "ProjectAriesModuleRules", "Intermediate\Build\BuildRulesProjects\ProjectAriesModuleRules\ProjectAriesModuleRules.csproj", "{089BB8AF-2BF6-38B0-B6D4-A47F2ED1B882}"
EndProject
Project("{2150E333-8FDC-42A3-9474-1A3956D46DE8}") = "Visualizers", "Visualizers", "{1CCEC849-CC72-4C59-8C36-2F7C38706D4C}"
	ProjectSection(SolutionItems) = preProject
		D:\UNREAL 5.3\UE_5.3\Engine\Extras\VisualStudioDebugging\Unreal.natvis = D:\UNREAL 5.3\UE_5.3\Engine\Extras\VisualStudioDebugging\Unreal.natvis
		D:\UNREAL 5.3\UE_5.3\Engine\Extras\VisualStudioDebugging\Unreal.natstepfilter = D:\UNREAL 5.3\UE_5.3\Engine\Extras\VisualStudioDebugging\Unreal.natstepfilter
	EndProjectSection
EndProject
Global
	GlobalSection(SolutionConfigurationPlatforms) = preSolution
		DebugGame Editor|Win64 = DebugGame Editor|Win64
		DebugGame|Win64 = DebugGame|Win64
		Development Editor|Win64 = Development Editor|Win64
		Development|Win64 = Development|Win64
		Shipping|Win64 = Shipping|Win64
	EndGlobalSection
	# UnrealVS Section
	GlobalSection(ddbf523f-7eb6-4887-bd51-85a714ff87eb) = preSolution
		AvailablePlatforms=Win64
	EndGlobalSection
	GlobalSection(ProjectConfigurationPlatforms) = postSolution
		{4D264B09-D2E6-3FC3-8225-A6E1865ED46D}.DebugGame Editor|Win64.ActiveCfg = BuiltWithUnrealBuildTool|Win64
		{4D264B09-D2E6-3FC3-8225-A6E1865ED46D}.DebugGame|Win64.ActiveCfg = BuiltWithUnrealBuildTool|Win64
		{4D264B09-D2E6-3FC3-8225-A6E1865ED46D}.Development Editor|Win64.ActiveCfg = BuiltWithUnrealBuildTool|Win64
		{4D264B09-D2E6-3FC3-8225-A6E1865ED46D}.Development|Win64.ActiveCfg = BuiltWithUnrealBuildTool|Win64
		{4D264B09-D2E6-3FC3-8225-A6E1865ED46D}.Shipping|Win64.ActiveCfg = BuiltWithUnrealBuildTool|Win64
		{2D6979A2-342E-3A6D-9DA1-44DD7D4761EE}.DebugGame Editor|Win64.ActiveCfg = DebugGame_Editor|x64
		{2D6979A2-342E-3A6D-9DA1-44DD7D4761EE}.DebugGame Editor|Win64.Build.0 = DebugGame_Editor|x64
		{2D6979A2-342E-3A6D-9DA1-44DD7D4761EE}.DebugGame|Win64.ActiveCfg = DebugGame|x64
		{2D6979A2-342E-3A6D-9DA1-44DD7D4761EE}.DebugGame|Win64.Build.0 = DebugGame|x64
		{2D6979A2-342E-3A6D-9DA1-44DD7D4761EE}.Development Editor|Win64.ActiveCfg = Development_Editor|x64
		{2D6979A2-342E-3A6D-9DA1-44DD7D4761EE}.Development Editor|Win64.Build.0 = Development_Editor|x64
		{2D6979A2-342E-3A6D-9DA1-44DD7D4761EE}.Development|Win64.ActiveCfg = Development|x64
		{2D6979A2-342E-3A6D-9DA1-44DD7D4761EE}.Development|Win64.Build.0 = Development|x64
		{2D6979A2-342E-3A6D-9DA1-44DD7D4761EE}.Shipping|Win64.ActiveCfg = Shipping|x64
		{2D6979A2-342E-3A6D-9DA1-44DD7D4761EE}.Shipping|Win64.Build.0 = Shipping|x64
		{27ACBAE1-F1FE-374B-B191-AAF4FFEE68DD}.DebugGame Editor|Win64.ActiveCfg = Development|Any CPU
		{27ACBAE1-F1FE-374B-B191-AAF4FFEE68DD}.DebugGame Editor|Win64.Build.0 = Development|Any CPU
		{27ACBAE1-F1FE-374B-B191-AAF4FFEE68DD}.DebugGame|Win64.ActiveCfg = Development|Any CPU
		{27ACBAE1-F1FE-374B-B191-AAF4FFEE68DD}.DebugGame|Win64.Build.0 = Development|Any CPU
		{27ACBAE1-F1FE-374B-B191-AAF4FFEE68DD}.Development Editor|Win64.ActiveCfg = Development|Any CPU
		{27ACBAE1-F1FE-374B-B191-AAF4FFEE68DD}.Development Editor|Win64.Build.0 = Development|Any CPU
		{27ACBAE1-F1FE-374B-B191-AAF4FFEE68DD}.Development|Win64.ActiveCfg = Development|Any CPU
		{27ACBAE1-F1FE-374B-B191-AAF4FFEE68DD}.Development|Win64.Build.0 = Development|Any CPU
		{27ACBAE1-F1FE-374B-B191-AAF4FFEE68DD}.Shipping|Win64.ActiveCfg = Development|Any CPU
		{27ACBAE1-F1FE-374B-B191-AAF4FFEE68DD}.Shipping|Win64.Build.0 = Development|Any CPU
		{3F6E5A94-0C3B-37FF-AFD8-AC7D6A3CC401}.DebugGame Editor|Win64.ActiveCfg = Development|Any CPU
		{3F6E5A94-0C3B-37FF-AFD8-AC7D6A3CC401}.DebugGame Editor|Win64.Build.0 = Development|Any CPU
		{3F6E5A94-0C3B-37FF-AFD8-AC7D6A3CC401}.DebugGame|Win64.ActiveCfg = Development|Any CPU
		{3F6E5A94-0C3B-37FF-AFD8-AC7D6A3CC401}.DebugGame|Win64.Build.0 = Development|Any CPU
		{3F6E5A94-0C3B-37FF-AFD8-AC7D6A3CC401}.Development Editor|Win64.ActiveCfg = Development|Any CPU
		{3F6E5A94-0C3B-37FF-AFD8-AC7D6A3CC401}.Development Editor|Win64.Build.0 = Development|Any CPU
		{3F6E5A94-0C3B-37FF-AFD8-AC7D6A3CC401}.Development|Win64.ActiveCfg = Development|Any CPU
		{3F6E5A94-0C3B-37FF-AFD8-AC7D6A3CC401}.Development|Win64.Build.0 = Development|Any CPU
		{3F6E5A94-0C3B-37FF-AFD8-AC7D6A3CC401}.Shipping|Win64.ActiveCfg = Development|Any CPU
		{3F6E5A94-0C3B-37FF-AFD8-AC7D6A3CC401}.Shipping|Win64.Build.0 = Development|Any CPU
		{6E9B87C3-E4E4-3E8C-9BE9-69407FEE6979}.DebugGame Editor|Win64.ActiveCfg = Development|Any CPU
		{6E9B87C3-E4E4-3E8C-9BE9-69407FEE6979}.DebugGame Editor|Win64.Build.0 = Development|Any CPU
		{6E9B87C3-E4E4-3E8C-9BE9-69407FEE6979}.DebugGame|Win64.ActiveCfg = Development|Any CPU
		{6E9B87C3-E4E4-3E8C-9BE9-69407FEE6979}.DebugGame|Win64.Build.0 = Development|Any CPU
		{6E9B87C3-E4E4-3E8C-9BE9-69407FEE6979}.Development Editor|Win64.ActiveCfg = Development|Any CPU
		{6E9B87C3-E4E4-3E8C-9BE9-69407FEE6979}.Development Editor|Win64.Build.0 = Development|Any CPU
		{6E9B87C3-E4E4-3E8C-9BE9-69407FEE6979}.Development|Win64.ActiveCfg = Development|Any CPU
		{6E9B87C3-E4E4-3E8C-9BE9-69407FEE6979}.Development|Win64.Build.0 = Development|Any CPU
		{6E9B87C3-E4E4-3E8C-9BE9-69407FEE6979}.Shipping|Win64.ActiveCfg = Development|Any CPU
		{6E9B87C3-E4E4-3E8C-9BE9-69407FEE6979}.Shipping|Win64.Build.0 = Development|Any CPU
		{F058322C-4D6B-3DFD-ABE7-5141ECC73941}.DebugGame Editor|Win64.ActiveCfg = Development|Any CPU
		{F058322C-4D6B-3DFD-ABE7-5141ECC73941}.DebugGame Editor|Win64.Build.0 = Development|Any CPU
		{F058322C-4D6B-3DFD-ABE7-5141ECC73941}.DebugGame|Win64.ActiveCfg = Development|Any CPU
		{F058322C-4D6B-3DFD-ABE7-5141ECC73941}.DebugGame|Win64.Build.0 = Development|Any CPU
		{F058322C-4D6B-3DFD-ABE7-5141ECC73941}.Development Editor|Win64.ActiveCfg = Development|Any CPU
		{F058322C-4D6B-3DFD-ABE7-5141ECC73941}.Development Editor|Win64.Build.0 = Development|Any CPU
		{F058322C-4D6B-3DFD-ABE7-5141ECC73941}.Development|Win64.ActiveCfg = Development|Any CPU
		{F058322C-4D6B-3DFD-ABE7-5141ECC73941}.Development|Win64.Build.0 = Development|Any CPU
		{F058322C-4D6B-3DFD-ABE7-5141ECC73941}.Shipping|Win64.ActiveCfg = Development|Any CPU
		{F058322C-4D6B-3DFD-ABE7-5141ECC73941}.Shipping|Win64.Build.0 = Development|Any CPU
		{EE410817-FE92-32A1-80D6-5C2865230C1D}.DebugGame Editor|Win64.ActiveCfg = Development|Any CPU
		{EE410817-FE92-32A1-80D6-5C2865230C1D}.DebugGame Editor|Win64.Build.0 = Development|Any CPU
		{EE410817-FE92-32A1-80D6-5C2865230C1D}.DebugGame|Win64.ActiveCfg = Development|Any CPU
		{EE410817-FE92-32A1-80D6-5C2865230C1D}.DebugGame|Win64.Build.0 = Development|Any CPU
		{EE410817-FE92-32A1-80D6-5C2865230C1D}.Development Editor|Win64.ActiveCfg = Development|Any CPU
		{EE410817-FE92-32A1-80D6-5C2865230C1D}.Development Editor|Win64.Build.0 = Development|Any CPU
		{EE410817-FE92-32A1-80D6-5C2865230C1D}.Development|Win64.ActiveCfg = Development|Any CPU
		{EE410817-FE92-32A1-80D6-5C2865230C1D}.Development|Win64.Build.0 = Development|Any CPU
		{EE410817-FE92-32A1-80D6-5C2865230C1D}.Shipping|Win64.ActiveCfg = Development|Any CPU
		{EE410817-FE92-32A1-80D6-5C2865230C1D}.Shipping|Win64.Build.0 = Development|Any CPU
		{6992189D-F89C-35B7-98D3-6C3949D7334B}.DebugGame Editor|Win64.ActiveCfg = Development|Any CPU
		{6992189D-F89C-35B7-98D3-6C3949D7334B}.DebugGame Editor|Win64.Build.0 = Development|Any CPU
		{6992189D-F89C-35B7-98D3-6C3949D7334B}.DebugGame|Win64.ActiveCfg = Development|Any CPU
		{6992189D-F89C-35B7-98D3-6C3949D7334B}.DebugGame|Win64.Build.0 = Development|Any CPU
		{6992189D-F89C-35B7-98D3-6C3949D7334B}.Development Editor|Win64.ActiveCfg = Development|Any CPU
		{6992189D-F89C-35B7-98D3-6C3949D7334B}.Development Editor|Win64.Build.0 = Development|Any CPU
		{6992189D-F89C-35B7-98D3-6C3949D7334B}.Development|Win64.ActiveCfg = Development|Any CPU
		{6992189D-F89C-35B7-98D3-6C3949D7334B}.Development|Win64.Build.0 = Development|Any CPU
		{6992189D-F89C-35B7-98D3-6C3949D7334B}.Shipping|Win64.ActiveCfg = Development|Any CPU
		{6992189D-F89C-35B7-98D3-6C3949D7334B}.Shipping|Win64.Build.0 = Development|Any CPU
		{197CA28C-6B8E-3046-9FC0-EFE818708E49}.DebugGame Editor|Win64.ActiveCfg = Development|Any CPU
		{197CA28C-6B8E-3046-9FC0-EFE818708E49}.DebugGame Editor|Win64.Build.0 = Development|Any CPU
		{197CA28C-6B8E-3046-9FC0-EFE818708E49}.DebugGame|Win64.ActiveCfg = Development|Any CPU
		{197CA28C-6B8E-3046-9FC0-EFE818708E49}.DebugGame|Win64.Build.0 = Development|Any CPU
		{197CA28C-6B8E-3046-9FC0-EFE818708E49}.Development Editor|Win64.ActiveCfg = Development|Any CPU
		{197CA28C-6B8E-3046-9FC0-EFE818708E49}.Development Editor|Win64.Build.0 = Development|Any CPU
		{197CA28C-6B8E-3046-9FC0-EFE818708E49}.Development|Win64.ActiveCfg = Development|Any CPU
		{197CA28C-6B8E-3046-9FC0-EFE818708E49}.Development|Win64.Build.0 = Development|Any CPU
		{197CA28C-6B8E-3046-9FC0-EFE818708E49}.Shipping|Win64.ActiveCfg = Development|Any CPU
		{197CA28C-6B8E-3046-9FC0-EFE818708E49}.Shipping|Win64.Build.0 = Development|Any CPU
		{C8FE1051-E1DD-3A88-A55C-88E29EE60751}.DebugGame Editor|Win64.ActiveCfg = Development|Any CPU
		{C8FE1051-E1DD-3A88-A55C-88E29EE60751}.DebugGame Editor|Win64.Build.0 = Development|Any CPU
		{C8FE1051-E1DD-3A88-A55C-88E29EE60751}.DebugGame|Win64.ActiveCfg = Development|Any CPU
		{C8FE1051-E1DD-3A88-A55C-88E29EE60751}.DebugGame|Win64.Build.0 = Development|Any CPU
		{C8FE1051-E1DD-3A88-A55C-88E29EE60751}.Development Editor|Win64.ActiveCfg = Development|Any CPU
		{C8FE1051-E1DD-3A88-A55C-88E29EE60751}.Development Editor|Win64.Build.0 = Development|Any CPU
		{C8FE1051-E1DD-3A88-A55C-88E29EE60751}.Development|Win64.ActiveCfg = Development|Any CPU
		{C8FE1051-E1DD-3A88-A55C-88E29EE60751}.Development|Win64.Build.0 = Development|Any CPU
		{C8FE1051-E1DD-3A88-A55C-88E29EE60751}.Shipping|Win64.ActiveCfg = Development|Any CPU
		{C8FE1051-E1DD-3A88-A55C-88E29EE60751}.Shipping|Win64.Build.0 = Development|Any CPU
		{8F5F56D2-1FD5-3BCA-A08B-5C8390A0FFF6}.DebugGame Editor|Win64.ActiveCfg = Development|Any CPU
		{8F5F56D2-1FD5-3BCA-A08B-5C8390A0FFF6}.DebugGame Editor|Win64.Build.0 = Development|Any CPU
		{8F5F56D2-1FD5-3BCA-A08B-5C8390A0FFF6}.DebugGame|Win64.ActiveCfg = Development|Any CPU
		{8F5F56D2-1FD5-3BCA-A08B-5C8390A0FFF6}.DebugGame|Win64.Build.0 = Development|Any CPU
		{8F5F56D2-1FD5-3BCA-A08B-5C8390A0FFF6}.Development Editor|Win64.ActiveCfg = Development|Any CPU
		{8F5F56D2-1FD5-3BCA-A08B-5C8390A0FFF6}.Development Editor|Win64.Build.0 = Development|Any CPU
		{8F5F56D2-1FD5-3BCA-A08B-5C8390A0FFF6}.Development|Win64.ActiveCfg = Development|Any CPU
		{8F5F56D2-1FD5-3BCA-A08B-5C8390A0FFF6}.Development|Win64.Build.0 = Development|Any CPU
		{8F5F56D2-1FD5-3BCA-A08B-5C8390A0FFF6}.Shipping|Win64.ActiveCfg = Development|Any CPU
		{8F5F56D2-1FD5-3BCA-A08B-5C8390A0FFF6}.Shipping|Win64.Build.0 = Development|Any CPU
		{E97D3DC0-690A-3F91-9753-1E920B3B00D4}.DebugGame Editor|Win64.ActiveCfg = Development|Any CPU
		{E97D3DC0-690A-3F91-9753-1E920B3B00D4}.DebugGame Editor|Win64.Build.0 = Development|Any CPU
		{E97D3DC0-690A-3F91-9753-1E920B3B00D4}.DebugGame|Win64.ActiveCfg = Development|Any CPU
		{E97D3DC0-690A-3F91-9753-1E920B3B00D4}.DebugGame|Win64.Build.0 = Development|Any CPU
		{E97D3DC0-690A-3F91-9753-1E920B3B00D4}.Development Editor|Win64.ActiveCfg = Development|Any CPU
		{E97D3DC0-690A-3F91-9753-1E920B3B00D4}.Development Editor|Win64.Build.0 = Development|Any CPU
		{E97D3DC0-690A-3F91-9753-1E920B3B00D4}.Development|Win64.ActiveCfg = Development|Any CPU
		{E97D3DC0-690A-3F91-9753-1E920B3B00D4}.Development|Win64.Build.0 = Development|Any CPU
		{E97D3DC0-690A-3F91-9753-1E920B3B00D4}.Shipping|Win64.ActiveCfg = Development|Any CPU
		{E97D3DC0-690A-3F91-9753-1E920B3B00D4}.Shipping|Win64.Build.0 = Development|Any CPU
		{B75E22C4-0890-3EB7-A3AB-F63B7003EE26}.DebugGame Editor|Win64.ActiveCfg = Development|Any CPU
		{B75E22C4-0890-3EB7-A3AB-F63B7003EE26}.DebugGame Editor|Win64.Build.0 = Development|Any CPU
		{B75E22C4-0890-3EB7-A3AB-F63B7003EE26}.DebugGame|Win64.ActiveCfg = Development|Any CPU
		{B75E22C4-0890-3EB7-A3AB-F63B7003EE26}.DebugGame|Win64.Build.0 = Development|Any CPU
		{B75E22C4-0890-3EB7-A3AB-F63B7003EE26}.Development Editor|Win64.ActiveCfg = Development|Any CPU
		{B75E22C4-0890-3EB7-A3AB-F63B7003EE26}.Development Editor|Win64.Build.0 = Development|Any CPU
		{B75E22C4-0890-3EB7-A3AB-F63B7003EE26}.Development|Win64.ActiveCfg = Development|Any CPU
		{B75E22C4-0890-3EB7-A3AB-F63B7003EE26}.Development|Win64.Build.0 = Development|Any CPU
		{B75E22C4-0890-3EB7-A3AB-F63B7003EE26}.Shipping|Win64.ActiveCfg = Development|Any CPU
		{B75E22C4-0890-3EB7-A3AB-F63B7003EE26}.Shipping|Win64.Build.0 = Development|Any CPU
		{5E1EF835-DC36-3965-8924-E31911C8E9AE}.DebugGame Editor|Win64.ActiveCfg = Development|Any CPU
		{5E1EF835-DC36-3965-8924-E31911C8E9AE}.DebugGame Editor|Win64.Build.0 = Development|Any CPU
		{5E1EF835-DC36-3965-8924-E31911C8E9AE}.DebugGame|Win64.ActiveCfg = Development|Any CPU
		{5E1EF835-DC36-3965-8924-E31911C8E9AE}.DebugGame|Win64.Build.0 = Development|Any CPU
		{5E1EF835-DC36-3965-8924-E31911C8E9AE}.Development Editor|Win64.ActiveCfg = Development|Any CPU
		{5E1EF835-DC36-3965-8924-E31911C8E9AE}.Development Editor|Win64.Build.0 = Development|Any CPU
		{5E1EF835-DC36-3965-8924-E31911C8E9AE}.Development|Win64.ActiveCfg = Development|Any CPU
		{5E1EF835-DC36-3965-8924-E31911C8E9AE}.Development|Win64.Build.0 = Development|Any CPU
		{5E1EF835-DC36-3965-8924-E31911C8E9AE}.Shipping|Win64.ActiveCfg = Development|Any CPU
		{5E1EF835-DC36-3965-8924-E31911C8E9AE}.Shipping|Win64.Build.0 = Development|Any CPU
		{3C08D5D6-49A0-3277-BC2D-BC2B722BA090}.DebugGame Editor|Win64.ActiveCfg = Development|Any CPU
		{3C08D5D6-49A0-3277-BC2D-BC2B722BA090}.DebugGame Editor|Win64.Build.0 = Development|Any CPU
		{3C08D5D6-49A0-3277-BC2D-BC2B722BA090}.DebugGame|Win64.ActiveCfg = Development|Any CPU
		{3C08D5D6-49A0-3277-BC2D-BC2B722BA090}.DebugGame|Win64.Build.0 = Development|Any CPU
		{3C08D5D6-49A0-3277-BC2D-BC2B722BA090}.Development Editor|Win64.ActiveCfg = Development|Any CPU
		{3C08D5D6-49A0-3277-BC2D-BC2B722BA090}.Development Editor|Win64.Build.0 = Development|Any CPU
		{3C08D5D6-49A0-3277-BC2D-BC2B722BA090}.Development|Win64.ActiveCfg = Development|Any CPU
		{3C08D5D6-49A0-3277-BC2D-BC2B722BA090}.Development|Win64.Build.0 = Development|Any CPU
		{3C08D5D6-49A0-3277-BC2D-BC2B722BA090}.Shipping|Win64.ActiveCfg = Development|Any CPU
		{3C08D5D6-49A0-3277-BC2D-BC2B722BA090}.Shipping|Win64.Build.0 = Development|Any CPU
		{292518D9-3665-3CDD-AA0B-8EB13B921FB1}.DebugGame Editor|Win64.ActiveCfg = Development|Any CPU
		{292518D9-3665-3CDD-AA0B-8EB13B921FB1}.DebugGame Editor|Win64.Build.0 = Development|Any CPU
		{292518D9-3665-3CDD-AA0B-8EB13B921FB1}.DebugGame|Win64.ActiveCfg = Development|Any CPU
		{292518D9-3665-3CDD-AA0B-8EB13B921FB1}.DebugGame|Win64.Build.0 = Development|Any CPU
		{292518D9-3665-3CDD-AA0B-8EB13B921FB1}.Development Editor|Win64.ActiveCfg = Development|Any CPU
		{292518D9-3665-3CDD-AA0B-8EB13B921FB1}.Development Editor|Win64.Build.0 = Development|Any CPU
		{292518D9-3665-3CDD-AA0B-8EB13B921FB1}.Development|Win64.ActiveCfg = Development|Any CPU
		{292518D9-3665-3CDD-AA0B-8EB13B921FB1}.Development|Win64.Build.0 = Development|Any CPU
		{292518D9-3665-3CDD-AA0B-8EB13B921FB1}.Shipping|Win64.ActiveCfg = Development|Any CPU
		{292518D9-3665-3CDD-AA0B-8EB13B921FB1}.Shipping|Win64.Build.0 = Development|Any CPU
		{C0BA4EFD-8EA5-39BB-9371-4126FFD639BC}.DebugGame Editor|Win64.ActiveCfg = Development|Any CPU
		{C0BA4EFD-8EA5-39BB-9371-4126FFD639BC}.DebugGame Editor|Win64.Build.0 = Development|Any CPU
		{C0BA4EFD-8EA5-39BB-9371-4126FFD639BC}.DebugGame|Win64.ActiveCfg = Development|Any CPU
		{C0BA4EFD-8EA5-39BB-9371-4126FFD639BC}.DebugGame|Win64.Build.0 = Development|Any CPU
		{C0BA4EFD-8EA5-39BB-9371-4126FFD639BC}.Development Editor|Win64.ActiveCfg = Development|Any CPU
		{C0BA4EFD-8EA5-39BB-9371-4126FFD639BC}.Development Editor|Win64.Build.0 = Development|Any CPU
		{C0BA4EFD-8EA5-39BB-9371-4126FFD639BC}.Development|Win64.ActiveCfg = Development|Any CPU
		{C0BA4EFD-8EA5-39BB-9371-4126FFD639BC}.Development|Win64.Build.0 = Development|Any CPU
		{C0BA4EFD-8EA5-39BB-9371-4126FFD639BC}.Shipping|Win64.ActiveCfg = Development|Any CPU
		{C0BA4EFD-8EA5-39BB-9371-4126FFD639BC}.Shipping|Win64.Build.0 = Development|Any CPU
		{F76D89BE-6514-3966-889B-23BBAF3D3374}.DebugGame Editor|Win64.ActiveCfg = Development|Any CPU
		{F76D89BE-6514-3966-889B-23BBAF3D3374}.DebugGame Editor|Win64.Build.0 = Development|Any CPU
		{F76D89BE-6514-3966-889B-23BBAF3D3374}.DebugGame|Win64.ActiveCfg = Development|Any CPU
		{F76D89BE-6514-3966-889B-23BBAF3D3374}.DebugGame|Win64.Build.0 = Development|Any CPU
		{F76D89BE-6514-3966-889B-23BBAF3D3374}.Development Editor|Win64.ActiveCfg = Development|Any CPU
		{F76D89BE-6514-3966-889B-23BBAF3D3374}.Development Editor|Win64.Build.0 = Development|Any CPU
		{F76D89BE-6514-3966-889B-23BBAF3D3374}.Development|Win64.ActiveCfg = Development|Any CPU
		{F76D89BE-6514-3966-889B-23BBAF3D3374}.Development|Win64.Build.0 = Development|Any CPU
		{F76D89BE-6514-3966-889B-23BBAF3D3374}.Shipping|Win64.ActiveCfg = Development|Any CPU
		{F76D89BE-6514-3966-889B-23BBAF3D3374}.Shipping|Win64.Build.0 = Development|Any CPU
		{1D02A198-BAE5-3C70-911A-8E3D5337DDB2}.DebugGame Editor|Win64.ActiveCfg = Development|Any CPU
		{1D02A198-BAE5-3C70-911A-8E3D5337DDB2}.DebugGame Editor|Win64.Build.0 = Development|Any CPU
		{1D02A198-BAE5-3C70-911A-8E3D5337DDB2}.DebugGame|Win64.ActiveCfg = Development|Any CPU
		{1D02A198-BAE5-3C70-911A-8E3D5337DDB2}.DebugGame|Win64.Build.0 = Development|Any CPU
		{1D02A198-BAE5-3C70-911A-8E3D5337DDB2}.Development Editor|Win64.ActiveCfg = Development|Any CPU
		{1D02A198-BAE5-3C70-911A-8E3D5337DDB2}.Development Editor|Win64.Build.0 = Development|Any CPU
		{1D02A198-BAE5-3C70-911A-8E3D5337DDB2}.Development|Win64.ActiveCfg = Development|Any CPU
		{1D02A198-BAE5-3C70-911A-8E3D5337DDB2}.Development|Win64.Build.0 = Development|Any CPU
		{1D02A198-BAE5-3C70-911A-8E3D5337DDB2}.Shipping|Win64.ActiveCfg = Development|Any CPU
		{1D02A198-BAE5-3C70-911A-8E3D5337DDB2}.Shipping|Win64.Build.0 = Development|Any CPU
		{2FAC90F7-A02C-3966-A5AB-827325E47F69}.DebugGame Editor|Win64.ActiveCfg = Development|Any CPU
		{2FAC90F7-A02C-3966-A5AB-827325E47F69}.DebugGame Editor|Win64.Build.0 = Development|Any CPU
		{2FAC90F7-A02C-3966-A5AB-827325E47F69}.DebugGame|Win64.ActiveCfg = Development|Any CPU
		{2FAC90F7-A02C-3966-A5AB-827325E47F69}.DebugGame|Win64.Build.0 = Development|Any CPU
		{2FAC90F7-A02C-3966-A5AB-827325E47F69}.Development Editor|Win64.ActiveCfg = Development|Any CPU
		{2FAC90F7-A02C-3966-A5AB-827325E47F69}.Development Editor|Win64.Build.0 = Development|Any CPU
		{2FAC90F7-A02C-3966-A5AB-827325E47F69}.Development|Win64.ActiveCfg = Development|Any CPU
		{2FAC90F7-A02C-3966-A5AB-827325E47F69}.Development|Win64.Build.0 = Development|Any CPU
		{2FAC90F7-A02C-3966-A5AB-827325E47F69}.Shipping|Win64.ActiveCfg = Development|Any CPU
		{2FAC90F7-A02C-3966-A5AB-827325E47F69}.Shipping|Win64.Build.0 = Development|Any CPU
		{E9ED87DC-124A-3C99-8C10-70661BC04CDD}.DebugGame Editor|Win64.ActiveCfg = Development|Any CPU
		{E9ED87DC-124A-3C99-8C10-70661BC04CDD}.DebugGame Editor|Win64.Build.0 = Development|Any CPU
		{E9ED87DC-124A-3C99-8C10-70661BC04CDD}.DebugGame|Win64.ActiveCfg = Development|Any CPU
		{E9ED87DC-124A-3C99-8C10-70661BC04CDD}.DebugGame|Win64.Build.0 = Development|Any CPU
		{E9ED87DC-124A-3C99-8C10-70661BC04CDD}.Development Editor|Win64.ActiveCfg = Development|Any CPU
		{E9ED87DC-124A-3C99-8C10-70661BC04CDD}.Development Editor|Win64.Build.0 = Development|Any CPU
		{E9ED87DC-124A-3C99-8C10-70661BC04CDD}.Development|Win64.ActiveCfg = Development|Any CPU
		{E9ED87DC-124A-3C99-8C10-70661BC04CDD}.Development|Win64.Build.0 = Development|Any CPU
		{E9ED87DC-124A-3C99-8C10-70661BC04CDD}.Shipping|Win64.ActiveCfg = Development|Any CPU
		{E9ED87DC-124A-3C99-8C10-70661BC04CDD}.Shipping|Win64.Build.0 = Development|Any CPU
		{0C05CF40-A5BF-3341-8A64-8EBC9D49B3B3}.DebugGame Editor|Win64.ActiveCfg = Development|Any CPU
		{0C05CF40-A5BF-3341-8A64-8EBC9D49B3B3}.DebugGame Editor|Win64.Build.0 = Development|Any CPU
		{0C05CF40-A5BF-3341-8A64-8EBC9D49B3B3}.DebugGame|Win64.ActiveCfg = Development|Any CPU
		{0C05CF40-A5BF-3341-8A64-8EBC9D49B3B3}.DebugGame|Win64.Build.0 = Development|Any CPU
		{0C05CF40-A5BF-3341-8A64-8EBC9D49B3B3}.Development Editor|Win64.ActiveCfg = Development|Any CPU
		{0C05CF40-A5BF-3341-8A64-8EBC9D49B3B3}.Development Editor|Win64.Build.0 = Development|Any CPU
		{0C05CF40-A5BF-3341-8A64-8EBC9D49B3B3}.Development|Win64.ActiveCfg = Development|Any CPU
		{0C05CF40-A5BF-3341-8A64-8EBC9D49B3B3}.Development|Win64.Build.0 = Development|Any CPU
		{0C05CF40-A5BF-3341-8A64-8EBC9D49B3B3}.Shipping|Win64.ActiveCfg = Development|Any CPU
		{0C05CF40-A5BF-3341-8A64-8EBC9D49B3B3}.Shipping|Win64.Build.0 = Development|Any CPU
		{D3A8305E-FBEC-37C3-A152-FD791DAE57AC}.DebugGame Editor|Win64.ActiveCfg = Development|Any CPU
		{D3A8305E-FBEC-37C3-A152-FD791DAE57AC}.DebugGame Editor|Win64.Build.0 = Development|Any CPU
		{D3A8305E-FBEC-37C3-A152-FD791DAE57AC}.DebugGame|Win64.ActiveCfg = Development|Any CPU
		{D3A8305E-FBEC-37C3-A152-FD791DAE57AC}.DebugGame|Win64.Build.0 = Development|Any CPU
		{D3A8305E-FBEC-37C3-A152-FD791DAE57AC}.Development Editor|Win64.ActiveCfg = Development|Any CPU
		{D3A8305E-FBEC-37C3-A152-FD791DAE57AC}.Development Editor|Win64.Build.0 = Development|Any CPU
		{D3A8305E-FBEC-37C3-A152-FD791DAE57AC}.Development|Win64.ActiveCfg = Development|Any CPU
		{D3A8305E-FBEC-37C3-A152-FD791DAE57AC}.Development|Win64.Build.0 = Development|Any CPU
		{D3A8305E-FBEC-37C3-A152-FD791DAE57AC}.Shipping|Win64.ActiveCfg = Development|Any CPU
		{D3A8305E-FBEC-37C3-A152-FD791DAE57AC}.Shipping|Win64.Build.0 = Development|Any CPU
		{BA2D17B2-D056-3E53-B268-5411B454B585}.DebugGame Editor|Win64.ActiveCfg = Development|Any CPU
		{BA2D17B2-D056-3E53-B268-5411B454B585}.DebugGame Editor|Win64.Build.0 = Development|Any CPU
		{BA2D17B2-D056-3E53-B268-5411B454B585}.DebugGame|Win64.ActiveCfg = Development|Any CPU
		{BA2D17B2-D056-3E53-B268-5411B454B585}.DebugGame|Win64.Build.0 = Development|Any CPU
		{BA2D17B2-D056-3E53-B268-5411B454B585}.Development Editor|Win64.ActiveCfg = Development|Any CPU
		{BA2D17B2-D056-3E53-B268-5411B454B585}.Development Editor|Win64.Build.0 = Development|Any CPU
		{BA2D17B2-D056-3E53-B268-5411B454B585}.Development|Win64.ActiveCfg = Development|Any CPU
		{BA2D17B2-D056-3E53-B268-5411B454B585}.Development|Win64.Build.0 = Development|Any CPU
		{BA2D17B2-D056-3E53-B268-5411B454B585}.Shipping|Win64.ActiveCfg = Development|Any CPU
		{BA2D17B2-D056-3E53-B268-5411B454B585}.Shipping|Win64.Build.0 = Development|Any CPU
		{B1C25511-9A0F-32B6-85E5-BC981005A8F5}.DebugGame Editor|Win64.ActiveCfg = Development|Any CPU
		{B1C25511-9A0F-32B6-85E5-BC981005A8F5}.DebugGame Editor|Win64.Build.0 = Development|Any CPU
		{B1C25511-9A0F-32B6-85E5-BC981005A8F5}.DebugGame|Win64.ActiveCfg = Development|Any CPU
		{B1C25511-9A0F-32B6-85E5-BC981005A8F5}.DebugGame|Win64.Build.0 = Development|Any CPU
		{B1C25511-9A0F-32B6-85E5-BC981005A8F5}.Development Editor|Win64.ActiveCfg = Development|Any CPU
		{B1C25511-9A0F-32B6-85E5-BC981005A8F5}.Development Editor|Win64.Build.0 = Development|Any CPU
		{B1C25511-9A0F-32B6-85E5-BC981005A8F5}.Development|Win64.ActiveCfg = Development|Any CPU
		{B1C25511-9A0F-32B6-85E5-BC981005A8F5}.Development|Win64.Build.0 = Development|Any CPU
		{B1C25511-9A0F-32B6-85E5-BC981005A8F5}.Shipping|Win64.ActiveCfg = Development|Any CPU
		{B1C25511-9A0F-32B6-85E5-BC981005A8F5}.Shipping|Win64.Build.0 = Development|Any CPU
		{567620F5-2660-35EB-9321-DE8A72B07879}.DebugGame Editor|Win64.ActiveCfg = Development|Any CPU
		{567620F5-2660-35EB-9321-DE8A72B07879}.DebugGame Editor|Win64.Build.0 = Development|Any CPU
		{567620F5-2660-35EB-9321-DE8A72B07879}.DebugGame|Win64.ActiveCfg = Development|Any CPU
		{567620F5-2660-35EB-9321-DE8A72B07879}.DebugGame|Win64.Build.0 = Development|Any CPU
		{567620F5-2660-35EB-9321-DE8A72B07879}.Development Editor|Win64.ActiveCfg = Development|Any CPU
		{567620F5-2660-35EB-9321-DE8A72B07879}.Development Editor|Win64.Build.0 = Development|Any CPU
		{567620F5-2660-35EB-9321-DE8A72B07879}.Development|Win64.ActiveCfg = Development|Any CPU
		{567620F5-2660-35EB-9321-DE8A72B07879}.Development|Win64.Build.0 = Development|Any CPU
		{567620F5-2660-35EB-9321-DE8A72B07879}.Shipping|Win64.ActiveCfg = Development|Any CPU
		{567620F5-2660-35EB-9321-DE8A72B07879}.Shipping|Win64.Build.0 = Development|Any CPU
		{0089FEE2-C8F7-34DA-8851-5CCE505E85AB}.DebugGame Editor|Win64.ActiveCfg = Development|Any CPU
		{0089FEE2-C8F7-34DA-8851-5CCE505E85AB}.DebugGame Editor|Win64.Build.0 = Development|Any CPU
		{0089FEE2-C8F7-34DA-8851-5CCE505E85AB}.DebugGame|Win64.ActiveCfg = Development|Any CPU
		{0089FEE2-C8F7-34DA-8851-5CCE505E85AB}.DebugGame|Win64.Build.0 = Development|Any CPU
		{0089FEE2-C8F7-34DA-8851-5CCE505E85AB}.Development Editor|Win64.ActiveCfg = Development|Any CPU
		{0089FEE2-C8F7-34DA-8851-5CCE505E85AB}.Development Editor|Win64.Build.0 = Development|Any CPU
		{0089FEE2-C8F7-34DA-8851-5CCE505E85AB}.Development|Win64.ActiveCfg = Development|Any CPU
		{0089FEE2-C8F7-34DA-8851-5CCE505E85AB}.Development|Win64.Build.0 = Development|Any CPU
		{0089FEE2-C8F7-34DA-8851-5CCE505E85AB}.Shipping|Win64.ActiveCfg = Development|Any CPU
		{0089FEE2-C8F7-34DA-8851-5CCE505E85AB}.Shipping|Win64.Build.0 = Development|Any CPU
		{A612D053-1CFC-3499-8C5B-022A593588D3}.DebugGame Editor|Win64.ActiveCfg = Development|Any CPU
		{A612D053-1CFC-3499-8C5B-022A593588D3}.DebugGame Editor|Win64.Build.0 = Development|Any CPU
		{A612D053-1CFC-3499-8C5B-022A593588D3}.DebugGame|Win64.ActiveCfg = Development|Any CPU
		{A612D053-1CFC-3499-8C5B-022A593588D3}.DebugGame|Win64.Build.0 = Development|Any CPU
		{A612D053-1CFC-3499-8C5B-022A593588D3}.Development Editor|Win64.ActiveCfg = Development|Any CPU
		{A612D053-1CFC-3499-8C5B-022A593588D3}.Development Editor|Win64.Build.0 = Development|Any CPU
		{A612D053-1CFC-3499-8C5B-022A593588D3}.Development|Win64.ActiveCfg = Development|Any CPU
		{A612D053-1CFC-3499-8C5B-022A593588D3}.Development|Win64.Build.0 = Development|Any CPU
		{A612D053-1CFC-3499-8C5B-022A593588D3}.Shipping|Win64.ActiveCfg = Development|Any CPU
		{A612D053-1CFC-3499-8C5B-022A593588D3}.Shipping|Win64.Build.0 = Development|Any CPU
		{8F047BFC-FB68-3861-A836-96A5E627A18E}.DebugGame Editor|Win64.ActiveCfg = Development|Any CPU
		{8F047BFC-FB68-3861-A836-96A5E627A18E}.DebugGame Editor|Win64.Build.0 = Development|Any CPU
		{8F047BFC-FB68-3861-A836-96A5E627A18E}.DebugGame|Win64.ActiveCfg = Development|Any CPU
		{8F047BFC-FB68-3861-A836-96A5E627A18E}.DebugGame|Win64.Build.0 = Development|Any CPU
		{8F047BFC-FB68-3861-A836-96A5E627A18E}.Development Editor|Win64.ActiveCfg = Development|Any CPU
		{8F047BFC-FB68-3861-A836-96A5E627A18E}.Development Editor|Win64.Build.0 = Development|Any CPU
		{8F047BFC-FB68-3861-A836-96A5E627A18E}.Development|Win64.ActiveCfg = Development|Any CPU
		{8F047BFC-FB68-3861-A836-96A5E627A18E}.Development|Win64.Build.0 = Development|Any CPU
		{8F047BFC-FB68-3861-A836-96A5E627A18E}.Shipping|Win64.ActiveCfg = Development|Any CPU
		{8F047BFC-FB68-3861-A836-96A5E627A18E}.Shipping|Win64.Build.0 = Development|Any CPU
		{8A083B93-3B02-378D-8EDD-6C2F41D64855}.DebugGame Editor|Win64.ActiveCfg = Development|Any CPU
		{8A083B93-3B02-378D-8EDD-6C2F41D64855}.DebugGame Editor|Win64.Build.0 = Development|Any CPU
		{8A083B93-3B02-378D-8EDD-6C2F41D64855}.DebugGame|Win64.ActiveCfg = Development|Any CPU
		{8A083B93-3B02-378D-8EDD-6C2F41D64855}.DebugGame|Win64.Build.0 = Development|Any CPU
		{8A083B93-3B02-378D-8EDD-6C2F41D64855}.Development Editor|Win64.ActiveCfg = Development|Any CPU
		{8A083B93-3B02-378D-8EDD-6C2F41D64855}.Development Editor|Win64.Build.0 = Development|Any CPU
		{8A083B93-3B02-378D-8EDD-6C2F41D64855}.Development|Win64.ActiveCfg = Development|Any CPU
		{8A083B93-3B02-378D-8EDD-6C2F41D64855}.Development|Win64.Build.0 = Development|Any CPU
		{8A083B93-3B02-378D-8EDD-6C2F41D64855}.Shipping|Win64.ActiveCfg = Development|Any CPU
		{8A083B93-3B02-378D-8EDD-6C2F41D64855}.Shipping|Win64.Build.0 = Development|Any CPU
		{200932C8-360A-3943-A6E3-64FDDAED21C9}.DebugGame Editor|Win64.ActiveCfg = Development|Any CPU
		{200932C8-360A-3943-A6E3-64FDDAED21C9}.DebugGame Editor|Win64.Build.0 = Development|Any CPU
		{200932C8-360A-3943-A6E3-64FDDAED21C9}.DebugGame|Win64.ActiveCfg = Development|Any CPU
		{200932C8-360A-3943-A6E3-64FDDAED21C9}.DebugGame|Win64.Build.0 = Development|Any CPU
		{200932C8-360A-3943-A6E3-64FDDAED21C9}.Development Editor|Win64.ActiveCfg = Development|Any CPU
		{200932C8-360A-3943-A6E3-64FDDAED21C9}.Development Editor|Win64.Build.0 = Development|Any CPU
		{200932C8-360A-3943-A6E3-64FDDAED21C9}.Development|Win64.ActiveCfg = Development|Any CPU
		{200932C8-360A-3943-A6E3-64FDDAED21C9}.Development|Win64.Build.0 = Development|Any CPU
		{200932C8-360A-3943-A6E3-64FDDAED21C9}.Shipping|Win64.ActiveCfg = Development|Any CPU
		{200932C8-360A-3943-A6E3-64FDDAED21C9}.Shipping|Win64.Build.0 = Development|Any CPU
		{2BA4679C-D8B7-3DCF-9CB7-1E63A4ED977C}.DebugGame Editor|Win64.ActiveCfg = Development|Any CPU
		{2BA4679C-D8B7-3DCF-9CB7-1E63A4ED977C}.DebugGame Editor|Win64.Build.0 = Development|Any CPU
		{2BA4679C-D8B7-3DCF-9CB7-1E63A4ED977C}.DebugGame|Win64.ActiveCfg = Development|Any CPU
		{2BA4679C-D8B7-3DCF-9CB7-1E63A4ED977C}.DebugGame|Win64.Build.0 = Development|Any CPU
		{2BA4679C-D8B7-3DCF-9CB7-1E63A4ED977C}.Development Editor|Win64.ActiveCfg = Development|Any CPU
		{2BA4679C-D8B7-3DCF-9CB7-1E63A4ED977C}.Development Editor|Win64.Build.0 = Development|Any CPU
		{2BA4679C-D8B7-3DCF-9CB7-1E63A4ED977C}.Development|Win64.ActiveCfg = Development|Any CPU
		{2BA4679C-D8B7-3DCF-9CB7-1E63A4ED977C}.Development|Win64.Build.0 = Development|Any CPU
		{2BA4679C-D8B7-3DCF-9CB7-1E63A4ED977C}.Shipping|Win64.ActiveCfg = Development|Any CPU
		{2BA4679C-D8B7-3DCF-9CB7-1E63A4ED977C}.Shipping|Win64.Build.0 = Development|Any CPU
		{9CC0D374-0531-304D-8EB2-C29F61E1B065}.DebugGame Editor|Win64.ActiveCfg = Development|Any CPU
		{9CC0D374-0531-304D-8EB2-C29F61E1B065}.DebugGame Editor|Win64.Build.0 = Development|Any CPU
		{9CC0D374-0531-304D-8EB2-C29F61E1B065}.DebugGame|Win64.ActiveCfg = Development|Any CPU
		{9CC0D374-0531-304D-8EB2-C29F61E1B065}.DebugGame|Win64.Build.0 = Development|Any CPU
		{9CC0D374-0531-304D-8EB2-C29F61E1B065}.Development Editor|Win64.ActiveCfg = Development|Any CPU
		{9CC0D374-0531-304D-8EB2-C29F61E1B065}.Development Editor|Win64.Build.0 = Development|Any CPU
		{9CC0D374-0531-304D-8EB2-C29F61E1B065}.Development|Win64.ActiveCfg = Development|Any CPU
		{9CC0D374-0531-304D-8EB2-C29F61E1B065}.Development|Win64.Build.0 = Development|Any CPU
		{9CC0D374-0531-304D-8EB2-C29F61E1B065}.Shipping|Win64.ActiveCfg = Development|Any CPU
		{9CC0D374-0531-304D-8EB2-C29F61E1B065}.Shipping|Win64.Build.0 = Development|Any CPU
		{770719B8-7FB3-3AD5-B23C-240141123489}.DebugGame Editor|Win64.ActiveCfg = Development|Any CPU
		{770719B8-7FB3-3AD5-B23C-240141123489}.DebugGame Editor|Win64.Build.0 = Development|Any CPU
		{770719B8-7FB3-3AD5-B23C-240141123489}.DebugGame|Win64.ActiveCfg = Development|Any CPU
		{770719B8-7FB3-3AD5-B23C-240141123489}.DebugGame|Win64.Build.0 = Development|Any CPU
		{770719B8-7FB3-3AD5-B23C-240141123489}.Development Editor|Win64.ActiveCfg = Development|Any CPU
		{770719B8-7FB3-3AD5-B23C-240141123489}.Development Editor|Win64.Build.0 = Development|Any CPU
		{770719B8-7FB3-3AD5-B23C-240141123489}.Development|Win64.ActiveCfg = Development|Any CPU
		{770719B8-7FB3-3AD5-B23C-240141123489}.Development|Win64.Build.0 = Development|Any CPU
		{770719B8-7FB3-3AD5-B23C-240141123489}.Shipping|Win64.ActiveCfg = Development|Any CPU
		{770719B8-7FB3-3AD5-B23C-240141123489}.Shipping|Win64.Build.0 = Development|Any CPU
		{D4E9DD15-333F-33EB-8EBC-DB1B7CE8CAB9}.DebugGame Editor|Win64.ActiveCfg = Development|Any CPU
		{D4E9DD15-333F-33EB-8EBC-DB1B7CE8CAB9}.DebugGame Editor|Win64.Build.0 = Development|Any CPU
		{D4E9DD15-333F-33EB-8EBC-DB1B7CE8CAB9}.DebugGame|Win64.ActiveCfg = Development|Any CPU
		{D4E9DD15-333F-33EB-8EBC-DB1B7CE8CAB9}.DebugGame|Win64.Build.0 = Development|Any CPU
		{D4E9DD15-333F-33EB-8EBC-DB1B7CE8CAB9}.Development Editor|Win64.ActiveCfg = Development|Any CPU
		{D4E9DD15-333F-33EB-8EBC-DB1B7CE8CAB9}.Development Editor|Win64.Build.0 = Development|Any CPU
		{D4E9DD15-333F-33EB-8EBC-DB1B7CE8CAB9}.Development|Win64.ActiveCfg = Development|Any CPU
		{D4E9DD15-333F-33EB-8EBC-DB1B7CE8CAB9}.Development|Win64.Build.0 = Development|Any CPU
		{D4E9DD15-333F-33EB-8EBC-DB1B7CE8CAB9}.Shipping|Win64.ActiveCfg = Development|Any CPU
		{D4E9DD15-333F-33EB-8EBC-DB1B7CE8CAB9}.Shipping|Win64.Build.0 = Development|Any CPU
		{C5DDAAFF-CB90-3B1A-9204-E18D55BC1FEE}.DebugGame Editor|Win64.ActiveCfg = Development|Any CPU
		{C5DDAAFF-CB90-3B1A-9204-E18D55BC1FEE}.DebugGame Editor|Win64.Build.0 = Development|Any CPU
		{C5DDAAFF-CB90-3B1A-9204-E18D55BC1FEE}.DebugGame|Win64.ActiveCfg = Development|Any CPU
		{C5DDAAFF-CB90-3B1A-9204-E18D55BC1FEE}.DebugGame|Win64.Build.0 = Development|Any CPU
		{C5DDAAFF-CB90-3B1A-9204-E18D55BC1FEE}.Development Editor|Win64.ActiveCfg = Development|Any CPU
		{C5DDAAFF-CB90-3B1A-9204-E18D55BC1FEE}.Development Editor|Win64.Build.0 = Development|Any CPU
		{C5DDAAFF-CB90-3B1A-9204-E18D55BC1FEE}.Development|Win64.ActiveCfg = Development|Any CPU
		{C5DDAAFF-CB90-3B1A-9204-E18D55BC1FEE}.Development|Win64.Build.0 = Development|Any CPU
		{C5DDAAFF-CB90-3B1A-9204-E18D55BC1FEE}.Shipping|Win64.ActiveCfg = Development|Any CPU
		{C5DDAAFF-CB90-3B1A-9204-E18D55BC1FEE}.Shipping|Win64.Build.0 = Development|Any CPU
		{9903A3BA-D305-35C2-811C-F38B397FA0B4}.DebugGame Editor|Win64.ActiveCfg = Development|Any CPU
		{9903A3BA-D305-35C2-811C-F38B397FA0B4}.DebugGame Editor|Win64.Build.0 = Development|Any CPU
		{9903A3BA-D305-35C2-811C-F38B397FA0B4}.DebugGame|Win64.ActiveCfg = Development|Any CPU
		{9903A3BA-D305-35C2-811C-F38B397FA0B4}.DebugGame|Win64.Build.0 = Development|Any CPU
		{9903A3BA-D305-35C2-811C-F38B397FA0B4}.Development Editor|Win64.ActiveCfg = Development|Any CPU
		{9903A3BA-D305-35C2-811C-F38B397FA0B4}.Development Editor|Win64.Build.0 = Development|Any CPU
		{9903A3BA-D305-35C2-811C-F38B397FA0B4}.Development|Win64.ActiveCfg = Development|Any CPU
		{9903A3BA-D305-35C2-811C-F38B397FA0B4}.Development|Win64.Build.0 = Development|Any CPU
		{9903A3BA-D305-35C2-811C-F38B397FA0B4}.Shipping|Win64.ActiveCfg = Development|Any CPU
		{9903A3BA-D305-35C2-811C-F38B397FA0B4}.Shipping|Win64.Build.0 = Development|Any CPU
		{B895591A-3913-3BAD-BD79-C79FE497B9D7}.DebugGame Editor|Win64.ActiveCfg = Development|Any CPU
		{B895591A-3913-3BAD-BD79-C79FE497B9D7}.DebugGame Editor|Win64.Build.0 = Development|Any CPU
		{B895591A-3913-3BAD-BD79-C79FE497B9D7}.DebugGame|Win64.ActiveCfg = Development|Any CPU
		{B895591A-3913-3BAD-BD79-C79FE497B9D7}.DebugGame|Win64.Build.0 = Development|Any CPU
		{B895591A-3913-3BAD-BD79-C79FE497B9D7}.Development Editor|Win64.ActiveCfg = Development|Any CPU
		{B895591A-3913-3BAD-BD79-C79FE497B9D7}.Development Editor|Win64.Build.0 = Development|Any CPU
		{B895591A-3913-3BAD-BD79-C79FE497B9D7}.Development|Win64.ActiveCfg = Development|Any CPU
		{B895591A-3913-3BAD-BD79-C79FE497B9D7}.Development|Win64.Build.0 = Development|Any CPU
		{B895591A-3913-3BAD-BD79-C79FE497B9D7}.Shipping|Win64.ActiveCfg = Development|Any CPU
		{B895591A-3913-3BAD-BD79-C79FE497B9D7}.Shipping|Win64.Build.0 = Development|Any CPU
		{A9B034C4-2FFD-3B89-A132-9E2DD39F415A}.DebugGame Editor|Win64.ActiveCfg = Development|Any CPU
		{A9B034C4-2FFD-3B89-A132-9E2DD39F415A}.DebugGame Editor|Win64.Build.0 = Development|Any CPU
		{A9B034C4-2FFD-3B89-A132-9E2DD39F415A}.DebugGame|Win64.ActiveCfg = Development|Any CPU
		{A9B034C4-2FFD-3B89-A132-9E2DD39F415A}.DebugGame|Win64.Build.0 = Development|Any CPU
		{A9B034C4-2FFD-3B89-A132-9E2DD39F415A}.Development Editor|Win64.ActiveCfg = Development|Any CPU
		{A9B034C4-2FFD-3B89-A132-9E2DD39F415A}.Development Editor|Win64.Build.0 = Development|Any CPU
		{A9B034C4-2FFD-3B89-A132-9E2DD39F415A}.Development|Win64.ActiveCfg = Development|Any CPU
		{A9B034C4-2FFD-3B89-A132-9E2DD39F415A}.Development|Win64.Build.0 = Development|Any CPU
		{A9B034C4-2FFD-3B89-A132-9E2DD39F415A}.Shipping|Win64.ActiveCfg = Development|Any CPU
		{A9B034C4-2FFD-3B89-A132-9E2DD39F415A}.Shipping|Win64.Build.0 = Development|Any CPU
		{6F461F02-120A-334A-8393-0A8F8ED7937F}.DebugGame Editor|Win64.ActiveCfg = Development|Any CPU
		{6F461F02-120A-334A-8393-0A8F8ED7937F}.DebugGame Editor|Win64.Build.0 = Development|Any CPU
		{6F461F02-120A-334A-8393-0A8F8ED7937F}.DebugGame|Win64.ActiveCfg = Development|Any CPU
		{6F461F02-120A-334A-8393-0A8F8ED7937F}.DebugGame|Win64.Build.0 = Development|Any CPU
		{6F461F02-120A-334A-8393-0A8F8ED7937F}.Development Editor|Win64.ActiveCfg = Development|Any CPU
		{6F461F02-120A-334A-8393-0A8F8ED7937F}.Development Editor|Win64.Build.0 = Development|Any CPU
		{6F461F02-120A-334A-8393-0A8F8ED7937F}.Development|Win64.ActiveCfg = Development|Any CPU
		{6F461F02-120A-334A-8393-0A8F8ED7937F}.Development|Win64.Build.0 = Development|Any CPU
		{6F461F02-120A-334A-8393-0A8F8ED7937F}.Shipping|Win64.ActiveCfg = Development|Any CPU
		{6F461F02-120A-334A-8393-0A8F8ED7937F}.Shipping|Win64.Build.0 = Development|Any CPU
		{4FABF516-EF67-38D6-9FD8-ED2D5971DB59}.DebugGame Editor|Win64.ActiveCfg = Development|Any CPU
		{4FABF516-EF67-38D6-9FD8-ED2D5971DB59}.DebugGame Editor|Win64.Build.0 = Development|Any CPU
		{4FABF516-EF67-38D6-9FD8-ED2D5971DB59}.DebugGame|Win64.ActiveCfg = Development|Any CPU
		{4FABF516-EF67-38D6-9FD8-ED2D5971DB59}.DebugGame|Win64.Build.0 = Development|Any CPU
		{4FABF516-EF67-38D6-9FD8-ED2D5971DB59}.Development Editor|Win64.ActiveCfg = Development|Any CPU
		{4FABF516-EF67-38D6-9FD8-ED2D5971DB59}.Development Editor|Win64.Build.0 = Development|Any CPU
		{4FABF516-EF67-38D6-9FD8-ED2D5971DB59}.Development|Win64.ActiveCfg = Development|Any CPU
		{4FABF516-EF67-38D6-9FD8-ED2D5971DB59}.Development|Win64.Build.0 = Development|Any CPU
		{4FABF516-EF67-38D6-9FD8-ED2D5971DB59}.Shipping|Win64.ActiveCfg = Development|Any CPU
		{4FABF516-EF67-38D6-9FD8-ED2D5971DB59}.Shipping|Win64.Build.0 = Development|Any CPU
		{BF567A89-0FB1-393E-B721-73D2577D249B}.DebugGame Editor|Win64.ActiveCfg = Development|Any CPU
		{BF567A89-0FB1-393E-B721-73D2577D249B}.DebugGame Editor|Win64.Build.0 = Development|Any CPU
		{BF567A89-0FB1-393E-B721-73D2577D249B}.DebugGame|Win64.ActiveCfg = Development|Any CPU
		{BF567A89-0FB1-393E-B721-73D2577D249B}.DebugGame|Win64.Build.0 = Development|Any CPU
		{BF567A89-0FB1-393E-B721-73D2577D249B}.Development Editor|Win64.ActiveCfg = Development|Any CPU
		{BF567A89-0FB1-393E-B721-73D2577D249B}.Development Editor|Win64.Build.0 = Development|Any CPU
		{BF567A89-0FB1-393E-B721-73D2577D249B}.Development|Win64.ActiveCfg = Development|Any CPU
		{BF567A89-0FB1-393E-B721-73D2577D249B}.Development|Win64.Build.0 = Development|Any CPU
		{BF567A89-0FB1-393E-B721-73D2577D249B}.Shipping|Win64.ActiveCfg = Development|Any CPU
		{BF567A89-0FB1-393E-B721-73D2577D249B}.Shipping|Win64.Build.0 = Development|Any CPU
		{6E56A579-697E-39A1-94CA-7407ECD5C0E9}.DebugGame Editor|Win64.ActiveCfg = Development|Any CPU
		{6E56A579-697E-39A1-94CA-7407ECD5C0E9}.DebugGame Editor|Win64.Build.0 = Development|Any CPU
		{6E56A579-697E-39A1-94CA-7407ECD5C0E9}.DebugGame|Win64.ActiveCfg = Development|Any CPU
		{6E56A579-697E-39A1-94CA-7407ECD5C0E9}.DebugGame|Win64.Build.0 = Development|Any CPU
		{6E56A579-697E-39A1-94CA-7407ECD5C0E9}.Development Editor|Win64.ActiveCfg = Development|Any CPU
		{6E56A579-697E-39A1-94CA-7407ECD5C0E9}.Development Editor|Win64.Build.0 = Development|Any CPU
		{6E56A579-697E-39A1-94CA-7407ECD5C0E9}.Development|Win64.ActiveCfg = Development|Any CPU
		{6E56A579-697E-39A1-94CA-7407ECD5C0E9}.Development|Win64.Build.0 = Development|Any CPU
		{6E56A579-697E-39A1-94CA-7407ECD5C0E9}.Shipping|Win64.ActiveCfg = Development|Any CPU
		{6E56A579-697E-39A1-94CA-7407ECD5C0E9}.Shipping|Win64.Build.0 = Development|Any CPU
		{C746A385-F706-3E45-8A78-1B15071C8A2D}.DebugGame Editor|Win64.ActiveCfg = Development|Any CPU
		{C746A385-F706-3E45-8A78-1B15071C8A2D}.DebugGame Editor|Win64.Build.0 = Development|Any CPU
		{C746A385-F706-3E45-8A78-1B15071C8A2D}.DebugGame|Win64.ActiveCfg = Development|Any CPU
		{C746A385-F706-3E45-8A78-1B15071C8A2D}.DebugGame|Win64.Build.0 = Development|Any CPU
		{C746A385-F706-3E45-8A78-1B15071C8A2D}.Development Editor|Win64.ActiveCfg = Development|Any CPU
		{C746A385-F706-3E45-8A78-1B15071C8A2D}.Development Editor|Win64.Build.0 = Development|Any CPU
		{C746A385-F706-3E45-8A78-1B15071C8A2D}.Development|Win64.ActiveCfg = Development|Any CPU
		{C746A385-F706-3E45-8A78-1B15071C8A2D}.Development|Win64.Build.0 = Development|Any CPU
		{C746A385-F706-3E45-8A78-1B15071C8A2D}.Shipping|Win64.ActiveCfg = Development|Any CPU
		{C746A385-F706-3E45-8A78-1B15071C8A2D}.Shipping|Win64.Build.0 = Development|Any CPU
		{45FA693F-04FD-39BB-87EA-61636A566E9A}.DebugGame Editor|Win64.ActiveCfg = Development|Any CPU
		{45FA693F-04FD-39BB-87EA-61636A566E9A}.DebugGame Editor|Win64.Build.0 = Development|Any CPU
		{45FA693F-04FD-39BB-87EA-61636A566E9A}.DebugGame|Win64.ActiveCfg = Development|Any CPU
		{45FA693F-04FD-39BB-87EA-61636A566E9A}.DebugGame|Win64.Build.0 = Development|Any CPU
		{45FA693F-04FD-39BB-87EA-61636A566E9A}.Development Editor|Win64.ActiveCfg = Development|Any CPU
		{45FA693F-04FD-39BB-87EA-61636A566E9A}.Development Editor|Win64.Build.0 = Development|Any CPU
		{45FA693F-04FD-39BB-87EA-61636A566E9A}.Development|Win64.ActiveCfg = Development|Any CPU
		{45FA693F-04FD-39BB-87EA-61636A566E9A}.Development|Win64.Build.0 = Development|Any CPU
		{45FA693F-04FD-39BB-87EA-61636A566E9A}.Shipping|Win64.ActiveCfg = Development|Any CPU
		{45FA693F-04FD-39BB-87EA-61636A566E9A}.Shipping|Win64.Build.0 = Development|Any CPU
		{8076B51C-B395-31EC-828D-102CCE06AA49}.DebugGame Editor|Win64.ActiveCfg = Development|Any CPU
		{8076B51C-B395-31EC-828D-102CCE06AA49}.DebugGame Editor|Win64.Build.0 = Development|Any CPU
		{8076B51C-B395-31EC-828D-102CCE06AA49}.DebugGame|Win64.ActiveCfg = Development|Any CPU
		{8076B51C-B395-31EC-828D-102CCE06AA49}.DebugGame|Win64.Build.0 = Development|Any CPU
		{8076B51C-B395-31EC-828D-102CCE06AA49}.Development Editor|Win64.ActiveCfg = Development|Any CPU
		{8076B51C-B395-31EC-828D-102CCE06AA49}.Development Editor|Win64.Build.0 = Development|Any CPU
		{8076B51C-B395-31EC-828D-102CCE06AA49}.Development|Win64.ActiveCfg = Development|Any CPU
		{8076B51C-B395-31EC-828D-102CCE06AA49}.Development|Win64.Build.0 = Development|Any CPU
		{8076B51C-B395-31EC-828D-102CCE06AA49}.Shipping|Win64.ActiveCfg = Development|Any CPU
		{8076B51C-B395-31EC-828D-102CCE06AA49}.Shipping|Win64.Build.0 = Development|Any CPU
		{CEB3D2FB-4405-311B-861E-13235E32F9F1}.DebugGame Editor|Win64.ActiveCfg = Development|Any CPU
		{CEB3D2FB-4405-311B-861E-13235E32F9F1}.DebugGame Editor|Win64.Build.0 = Development|Any CPU
		{CEB3D2FB-4405-311B-861E-13235E32F9F1}.DebugGame|Win64.ActiveCfg = Development|Any CPU
		{CEB3D2FB-4405-311B-861E-13235E32F9F1}.DebugGame|Win64.Build.0 = Development|Any CPU
		{CEB3D2FB-4405-311B-861E-13235E32F9F1}.Development Editor|Win64.ActiveCfg = Development|Any CPU
		{CEB3D2FB-4405-311B-861E-13235E32F9F1}.Development Editor|Win64.Build.0 = Development|Any CPU
		{CEB3D2FB-4405-311B-861E-13235E32F9F1}.Development|Win64.ActiveCfg = Development|Any CPU
		{CEB3D2FB-4405-311B-861E-13235E32F9F1}.Development|Win64.Build.0 = Development|Any CPU
		{CEB3D2FB-4405-311B-861E-13235E32F9F1}.Shipping|Win64.ActiveCfg = Development|Any CPU
		{CEB3D2FB-4405-311B-861E-13235E32F9F1}.Shipping|Win64.Build.0 = Development|Any CPU
		{DFEB4031-724E-39B3-816C-81EA0E159CBB}.DebugGame Editor|Win64.ActiveCfg = Development|Any CPU
		{DFEB4031-724E-39B3-816C-81EA0E159CBB}.DebugGame Editor|Win64.Build.0 = Development|Any CPU
		{DFEB4031-724E-39B3-816C-81EA0E159CBB}.DebugGame|Win64.ActiveCfg = Development|Any CPU
		{DFEB4031-724E-39B3-816C-81EA0E159CBB}.DebugGame|Win64.Build.0 = Development|Any CPU
		{DFEB4031-724E-39B3-816C-81EA0E159CBB}.Development Editor|Win64.ActiveCfg = Development|Any CPU
		{DFEB4031-724E-39B3-816C-81EA0E159CBB}.Development Editor|Win64.Build.0 = Development|Any CPU
		{DFEB4031-724E-39B3-816C-81EA0E159CBB}.Development|Win64.ActiveCfg = Development|Any CPU
		{DFEB4031-724E-39B3-816C-81EA0E159CBB}.Development|Win64.Build.0 = Development|Any CPU
		{DFEB4031-724E-39B3-816C-81EA0E159CBB}.Shipping|Win64.ActiveCfg = Development|Any CPU
		{DFEB4031-724E-39B3-816C-81EA0E159CBB}.Shipping|Win64.Build.0 = Development|Any CPU
		{089BB8AF-2BF6-38B0-B6D4-A47F2ED1B882}.DebugGame Editor|Win64.ActiveCfg = Development|Any CPU
		{089BB8AF-2BF6-38B0-B6D4-A47F2ED1B882}.DebugGame Editor|Win64.Build.0 = Development|Any CPU
		{089BB8AF-2BF6-38B0-B6D4-A47F2ED1B882}.DebugGame|Win64.ActiveCfg = Development|Any CPU
		{089BB8AF-2BF6-38B0-B6D4-A47F2ED1B882}.DebugGame|Win64.Build.0 = Development|Any CPU
		{089BB8AF-2BF6-38B0-B6D4-A47F2ED1B882}.Development Editor|Win64.ActiveCfg = Development|Any CPU
		{089BB8AF-2BF6-38B0-B6D4-A47F2ED1B882}.Development Editor|Win64.Build.0 = Development|Any CPU
		{089BB8AF-2BF6-38B0-B6D4-A47F2ED1B882}.Development|Win64.ActiveCfg = Development|Any CPU
		{089BB8AF-2BF6-38B0-B6D4-A47F2ED1B882}.Development|Win64.Build.0 = Development|Any CPU
		{089BB8AF-2BF6-38B0-B6D4-A47F2ED1B882}.Shipping|Win64.ActiveCfg = Development|Any CPU
		{089BB8AF-2BF6-38B0-B6D4-A47F2ED1B882}.Shipping|Win64.Build.0 = Development|Any CPU
	EndGlobalSection
	GlobalSection(SolutionProperties) = preSolution
		HideSolutionNode = FALSE
	EndGlobalSection
	GlobalSection(NestedProjects) = preSolution
		{4D264B09-D2E6-3FC3-8225-A6E1865ED46D} = {233774A8-CC9D-3FA9-86D1-90573E92B704}
		{2D6979A2-342E-3A6D-9DA1-44DD7D4761EE} = {DE1F8B53-6C02-3C13-9101-A7C8D96F3FF6}
		{27ACBAE1-F1FE-374B-B191-AAF4FFEE68DD} = {A338B9E2-A559-34BE-A46D-F789DD488FAD}
		{3F6E5A94-0C3B-37FF-AFD8-AC7D6A3CC401} = {A338B9E2-A559-34BE-A46D-F789DD488FAD}
		{0BFBE63A-B98A-3411-8EEB-8918FEC737B3} = {A338B9E2-A559-34BE-A46D-F789DD488FAD}
		{7B5CFB44-F0FB-31DF-AE62-C3C096A29A7B} = {A338B9E2-A559-34BE-A46D-F789DD488FAD}
		{57713676-9DBE-331C-AD10-26632AC9EE0C} = {A338B9E2-A559-34BE-A46D-F789DD488FAD}
		{6E9B87C3-E4E4-3E8C-9BE9-69407FEE6979} = {0BFBE63A-B98A-3411-8EEB-8918FEC737B3}
		{F058322C-4D6B-3DFD-ABE7-5141ECC73941} = {0BFBE63A-B98A-3411-8EEB-8918FEC737B3}
		{EE410817-FE92-32A1-80D6-5C2865230C1D} = {0BFBE63A-B98A-3411-8EEB-8918FEC737B3}
		{6992189D-F89C-35B7-98D3-6C3949D7334B} = {0BFBE63A-B98A-3411-8EEB-8918FEC737B3}
		{197CA28C-6B8E-3046-9FC0-EFE818708E49} = {0BFBE63A-B98A-3411-8EEB-8918FEC737B3}
		{C8FE1051-E1DD-3A88-A55C-88E29EE60751} = {0BFBE63A-B98A-3411-8EEB-8918FEC737B3}
		{8F5F56D2-1FD5-3BCA-A08B-5C8390A0FFF6} = {0BFBE63A-B98A-3411-8EEB-8918FEC737B3}
		{E97D3DC0-690A-3F91-9753-1E920B3B00D4} = {0BFBE63A-B98A-3411-8EEB-8918FEC737B3}
		{B75E22C4-0890-3EB7-A3AB-F63B7003EE26} = {0BFBE63A-B98A-3411-8EEB-8918FEC737B3}
		{5E1EF835-DC36-3965-8924-E31911C8E9AE} = {0BFBE63A-B98A-3411-8EEB-8918FEC737B3}
		{3C08D5D6-49A0-3277-BC2D-BC2B722BA090} = {0BFBE63A-B98A-3411-8EEB-8918FEC737B3}
		{292518D9-3665-3CDD-AA0B-8EB13B921FB1} = {0BFBE63A-B98A-3411-8EEB-8918FEC737B3}
		{C0BA4EFD-8EA5-39BB-9371-4126FFD639BC} = {0BFBE63A-B98A-3411-8EEB-8918FEC737B3}
		{F76D89BE-6514-3966-889B-23BBAF3D3374} = {0BFBE63A-B98A-3411-8EEB-8918FEC737B3}
		{1D02A198-BAE5-3C70-911A-8E3D5337DDB2} = {0BFBE63A-B98A-3411-8EEB-8918FEC737B3}
		{2FAC90F7-A02C-3966-A5AB-827325E47F69} = {0BFBE63A-B98A-3411-8EEB-8918FEC737B3}
		{E9ED87DC-124A-3C99-8C10-70661BC04CDD} = {0BFBE63A-B98A-3411-8EEB-8918FEC737B3}
		{0C05CF40-A5BF-3341-8A64-8EBC9D49B3B3} = {0BFBE63A-B98A-3411-8EEB-8918FEC737B3}
		{D3A8305E-FBEC-37C3-A152-FD791DAE57AC} = {0BFBE63A-B98A-3411-8EEB-8918FEC737B3}
		{BA2D17B2-D056-3E53-B268-5411B454B585} = {0BFBE63A-B98A-3411-8EEB-8918FEC737B3}
		{B1C25511-9A0F-32B6-85E5-BC981005A8F5} = {7B5CFB44-F0FB-31DF-AE62-C3C096A29A7B}
		{567620F5-2660-35EB-9321-DE8A72B07879} = {57713676-9DBE-331C-AD10-26632AC9EE0C}
		{0089FEE2-C8F7-34DA-8851-5CCE505E85AB} = {57713676-9DBE-331C-AD10-26632AC9EE0C}
		{A612D053-1CFC-3499-8C5B-022A593588D3} = {57713676-9DBE-331C-AD10-26632AC9EE0C}
		{8F047BFC-FB68-3861-A836-96A5E627A18E} = {57713676-9DBE-331C-AD10-26632AC9EE0C}
		{8A083B93-3B02-378D-8EDD-6C2F41D64855} = {57713676-9DBE-331C-AD10-26632AC9EE0C}
		{200932C8-360A-3943-A6E3-64FDDAED21C9} = {57713676-9DBE-331C-AD10-26632AC9EE0C}
		{2BA4679C-D8B7-3DCF-9CB7-1E63A4ED977C} = {57713676-9DBE-331C-AD10-26632AC9EE0C}
		{9CC0D374-0531-304D-8EB2-C29F61E1B065} = {57713676-9DBE-331C-AD10-26632AC9EE0C}
		{770719B8-7FB3-3AD5-B23C-240141123489} = {57713676-9DBE-331C-AD10-26632AC9EE0C}
		{D4E9DD15-333F-33EB-8EBC-DB1B7CE8CAB9} = {57713676-9DBE-331C-AD10-26632AC9EE0C}
		{C5DDAAFF-CB90-3B1A-9204-E18D55BC1FEE} = {57713676-9DBE-331C-AD10-26632AC9EE0C}
		{9903A3BA-D305-35C2-811C-F38B397FA0B4} = {57713676-9DBE-331C-AD10-26632AC9EE0C}
		{B895591A-3913-3BAD-BD79-C79FE497B9D7} = {57713676-9DBE-331C-AD10-26632AC9EE0C}
		{A9B034C4-2FFD-3B89-A132-9E2DD39F415A} = {57713676-9DBE-331C-AD10-26632AC9EE0C}
		{6F461F02-120A-334A-8393-0A8F8ED7937F} = {57713676-9DBE-331C-AD10-26632AC9EE0C}
		{4FABF516-EF67-38D6-9FD8-ED2D5971DB59} = {57713676-9DBE-331C-AD10-26632AC9EE0C}
		{BF567A89-0FB1-393E-B721-73D2577D249B} = {57713676-9DBE-331C-AD10-26632AC9EE0C}
		{6E56A579-697E-39A1-94CA-7407ECD5C0E9} = {57713676-9DBE-331C-AD10-26632AC9EE0C}
		{C746A385-F706-3E45-8A78-1B15071C8A2D} = {57713676-9DBE-331C-AD10-26632AC9EE0C}
		{45FA693F-04FD-39BB-87EA-61636A566E9A} = {57713676-9DBE-331C-AD10-26632AC9EE0C}
		{8076B51C-B395-31EC-828D-102CCE06AA49} = {C2F57ECE-B26F-39D8-BDA7-C1D40BD8F180}
		{CEB3D2FB-4405-311B-861E-13235E32F9F1} = {C2F57ECE-B26F-39D8-BDA7-C1D40BD8F180}
		{DFEB4031-724E-39B3-816C-81EA0E159CBB} = {C2F57ECE-B26F-39D8-BDA7-C1D40BD8F180}
		{089BB8AF-2BF6-38B0-B6D4-A47F2ED1B882} = {C2F57ECE-B26F-39D8-BDA7-C1D40BD8F180}
	EndGlobalSection
EndGlobal
